# generated by rye
# use `rye lock` or `rye sync` to update this lockfile
#
# last locked with the following flags:
#   pre: false
#   features: []
#   all-features: false
#   with-sources: false
#   generate-hashes: false
#   universal: false

-e file:.
astor==0.8.1
    # via taichi
colorama==0.4.6
    # via taichi
dill==0.3.9
    # via sourceinspect
numpy==1.24.1
    # via taichi
    # via transformations
pillow==10.2.0
    # via tina
pybind11==2.13.6
    # via taichi
sourceinspect==0.0.4
    # via taichi
taichi==0.7.13
    # via tina
transformations==2022.9.26
    # via tina
